
Microsoft Visual Studio Solution File, Format Version 12.00
# Visual Studio Version 16
VisualStudioVersion = 16.0.29409.12
MinimumVisualStudioVersion = 10.0.40219.1
Project("{FAE04EC0-301F-11D3-BF4B-00C04F79EFBC}") = "MonCoreRazorPages", "MonCoreRazorPages\MonCoreRazorPages.csproj", "{EFB83E5E-81C4-4C33-ABF3-163E68F8F78B}"
EndProject
Global
	GlobalSection(SolutionConfigurationPlatforms) = preSolution
		Debug|Any CPU = Debug|Any CPU
		Release|Any CPU = Release|Any CPU
	EndGlobalSection
	GlobalSection(ProjectConfigurationPlatforms) = postSolution
		{EFB83E5E-81C4-4C33-ABF3-163E68F8F78B}.Debug|Any CPU.ActiveCfg = Debug|Any CPU
		{EFB83E5E-81C4-4C33-ABF3-163E68F8F78B}.Debug|Any CPU.Build.0 = Debug|Any CPU
		{EFB83E5E-81C4-4C33-ABF3-163E68F8F78B}.Release|Any CPU.ActiveCfg = Release|Any CPU
		{EFB83E5E-81C4-4C33-ABF3-163E68F8F78B}.Release|Any CPU.Build.0 = Release|Any CPU
	EndGlobalSection
	GlobalSection(SolutionProperties) = preSolution
		HideSolutionNode = FALSE
	EndGlobalSection
	GlobalSection(ExtensibilityGlobals) = postSolution
		SolutionGuid = {310ECE10-5A82-44ED-A877-D3EBEB2786D4}
	EndGlobalSection
EndGlobal
